
Microsoft Visual Studio Solution File, Format Version 12.00
# Visual Studio Version 17
VisualStudioVersion = 17.14.36109.1 d17.14
MinimumVisualStudioVersion = 10.0.40219.1
Project("{FAE04EC0-301F-11D3-BF4B-00C04F79EFBC}") = "Sistemadecontrolparqueo", "Sistemadecontrolparqueo.csproj", "{4D71AB33-605B-401C-AA8B-E4556D34625B}"
EndProject
Global
	GlobalSection(SolutionConfigurationPlatforms) = preSolution
		Debug|Any CPU = Debug|Any CPU
		Release|Any CPU = Release|Any CPU
	EndGlobalSection
	GlobalSection(ProjectConfigurationPlatforms) = postSolution
		{4D71AB33-605B-401C-AA8B-E4556D34625B}.Debug|Any CPU.ActiveCfg = Debug|Any CPU
		{4D71AB33-605B-401C-AA8B-E4556D34625B}.Debug|Any CPU.Build.0 = Debug|Any CPU
		{4D71AB33-605B-401C-AA8B-E4556D34625B}.Release|Any CPU.ActiveCfg = Release|Any CPU
		{4D71AB33-605B-401C-AA8B-E4556D34625B}.Release|Any CPU.Build.0 = Release|Any CPU
	EndGlobalSection
	GlobalSection(SolutionProperties) = preSolution
		HideSolutionNode = FALSE
	EndGlobalSection
	GlobalSection(ExtensibilityGlobals) = postSolution
		SolutionGuid = {CCB53BB6-D868-4FF9-A3FC-FDBA3D8E6163}
	EndGlobalSection
EndGlobal
